
Microsoft Visual Studio Solution File, Format Version 12.00
# Visual Studio Version 16
VisualStudioVersion = 16.0.29609.76
MinimumVisualStudioVersion = 10.0.40219.1
Project("{9A19103F-16F7-4668-BE54-9A1E7A4F7556}") = "WholesaleApi", "WholesaleApi\WholesaleApi.csproj", "{51D237D6-4CCE-44DD-80FD-3583D7492782}"
EndProject
Project("{9A19103F-16F7-4668-BE54-9A1E7A4F7556}") = "Wholesale.BL", "Wholesale.BL\Wholesale.BL.csproj", "{C1168CE7-462F-4A9C-A545-044ED0CE5B2C}"
EndProject
Project("{9A19103F-16F7-4668-BE54-9A1E7A4F7556}") = "Wholesale.DAL", "Wholesale.DAL\Wholesale.DAL.csproj", "{3571B3C3-687B-4067-8A47-36CE2D93A283}"
EndProject
Project("{FAE04EC0-301F-11D3-BF4B-00C04F79EFBC}") = "Wholesale.Tests", "Wholesale.Tests\Wholesale.Tests.csproj", "{4B87BFB6-2CD5-4B72-93CE-72AF9710F744}"
EndProject
Global
	GlobalSection(SolutionConfigurationPlatforms) = preSolution
		Debug|Any CPU = Debug|Any CPU
		Release|Any CPU = Release|Any CPU
	EndGlobalSection
	GlobalSection(ProjectConfigurationPlatforms) = postSolution
		{51D237D6-4CCE-44DD-80FD-3583D7492782}.Debug|Any CPU.ActiveCfg = Debug|Any CPU
		{51D237D6-4CCE-44DD-80FD-3583D7492782}.Debug|Any CPU.Build.0 = Debug|Any CPU
		{51D237D6-4CCE-44DD-80FD-3583D7492782}.Release|Any CPU.ActiveCfg = Release|Any CPU
		{51D237D6-4CCE-44DD-80FD-3583D7492782}.Release|Any CPU.Build.0 = Release|Any CPU
		{C1168CE7-462F-4A9C-A545-044ED0CE5B2C}.Debug|Any CPU.ActiveCfg = Debug|Any CPU
		{C1168CE7-462F-4A9C-A545-044ED0CE5B2C}.Debug|Any CPU.Build.0 = Debug|Any CPU
		{C1168CE7-462F-4A9C-A545-044ED0CE5B2C}.Release|Any CPU.ActiveCfg = Release|Any CPU
		{C1168CE7-462F-4A9C-A545-044ED0CE5B2C}.Release|Any CPU.Build.0 = Release|Any CPU
		{3571B3C3-687B-4067-8A47-36CE2D93A283}.Debug|Any CPU.ActiveCfg = Debug|Any CPU
		{3571B3C3-687B-4067-8A47-36CE2D93A283}.Debug|Any CPU.Build.0 = Debug|Any CPU
		{3571B3C3-687B-4067-8A47-36CE2D93A283}.Release|Any CPU.ActiveCfg = Release|Any CPU
		{3571B3C3-687B-4067-8A47-36CE2D93A283}.Release|Any CPU.Build.0 = Release|Any CPU
		{4B87BFB6-2CD5-4B72-93CE-72AF9710F744}.Debug|Any CPU.ActiveCfg = Debug|Any CPU
		{4B87BFB6-2CD5-4B72-93CE-72AF9710F744}.Debug|Any CPU.Build.0 = Debug|Any CPU
		{4B87BFB6-2CD5-4B72-93CE-72AF9710F744}.Release|Any CPU.ActiveCfg = Release|Any CPU
		{4B87BFB6-2CD5-4B72-93CE-72AF9710F744}.Release|Any CPU.Build.0 = Release|Any CPU
	EndGlobalSection
	GlobalSection(SolutionProperties) = preSolution
		HideSolutionNode = FALSE
	EndGlobalSection
	GlobalSection(ExtensibilityGlobals) = postSolution
		SolutionGuid = {E64E0D0A-B427-4862-9045-9685FDFDB759}
	EndGlobalSection
EndGlobal
